
Microsoft Visual Studio Solution File, Format Version 12.00
# Visual Studio Version 16
VisualStudioVersion = 16.0.33328.57
MinimumVisualStudioVersion = 10.0.40219.1
Project("{FAE04EC0-301F-11D3-BF4B-00C04F79EFBC}") = "p188_Method", "p188_Method\p188_Method.csproj", "{50B250C9-F0CD-4382-BEDD-25C73AB79B0E}"
EndProject
Global
	GlobalSection(SolutionConfigurationPlatforms) = preSolution
		Debug|Any CPU = Debug|Any CPU
		Release|Any CPU = Release|Any CPU
	EndGlobalSection
	GlobalSection(ProjectConfigurationPlatforms) = postSolution
		{50B250C9-F0CD-4382-BEDD-25C73AB79B0E}.Debug|Any CPU.ActiveCfg = Debug|Any CPU
		{50B250C9-F0CD-4382-BEDD-25C73AB79B0E}.Debug|Any CPU.Build.0 = Debug|Any CPU
		{50B250C9-F0CD-4382-BEDD-25C73AB79B0E}.Release|Any CPU.ActiveCfg = Release|Any CPU
		{50B250C9-F0CD-4382-BEDD-25C73AB79B0E}.Release|Any CPU.Build.0 = Release|Any CPU
	EndGlobalSection
	GlobalSection(SolutionProperties) = preSolution
		HideSolutionNode = FALSE
	EndGlobalSection
	GlobalSection(ExtensibilityGlobals) = postSolution
		SolutionGuid = {496528BE-1066-4F31-8DED-BFD3A56CF3AB}
	EndGlobalSection
EndGlobal
